
Microsoft Visual Studio Solution File, Format Version 12.00
# Visual Studio Version 17
VisualStudioVersion = 17.3.32929.385
MinimumVisualStudioVersion = 10.0.40219.1
Project("{FAE04EC0-301F-11D3-BF4B-00C04F79EFBC}") = "WinformProject", "WinformProject\WinformProject.csproj", "{734B470D-C0FB-4F8A-877F-9E1D25DF0EC3}"
EndProject
Global
	GlobalSection(SolutionConfigurationPlatforms) = preSolution
		Debug|Any CPU = Debug|Any CPU
		Release|Any CPU = Release|Any CPU
	EndGlobalSection
	GlobalSection(ProjectConfigurationPlatforms) = postSolution
		{734B470D-C0FB-4F8A-877F-9E1D25DF0EC3}.Debug|Any CPU.ActiveCfg = Debug|Any CPU
		{734B470D-C0FB-4F8A-877F-9E1D25DF0EC3}.Debug|Any CPU.Build.0 = Debug|Any CPU
		{734B470D-C0FB-4F8A-877F-9E1D25DF0EC3}.Release|Any CPU.ActiveCfg = Release|Any CPU
		{734B470D-C0FB-4F8A-877F-9E1D25DF0EC3}.Release|Any CPU.Build.0 = Release|Any CPU
	EndGlobalSection
	GlobalSection(SolutionProperties) = preSolution
		HideSolutionNode = FALSE
	EndGlobalSection
	GlobalSection(ExtensibilityGlobals) = postSolution
		SolutionGuid = {2A38FB12-A5B9-4A11-95A7-43DD0D44962D}
	EndGlobalSection
EndGlobal
